// !$*UTF8*$!
{
	archiveVersion = 1;
	classes = {
	};
	objectVersion = 46;
	objects = {

/* Begin PBXBuildFile section */
		10295B6CFE0FD5167ECB3139 /* Pods_ZZRouter_Tests.framework in Frameworks */ = {isa = PBXBuildFile; fileRef = C16327238A4C70BB7E5B2DA7 /* Pods_ZZRouter_Tests.framework */; };
		6003F58E195388D20070C39A /* Foundation.framework in Frameworks */ = {isa = PBXBuildFile; fileRef = 6003F58D195388D20070C39A /* Foundation.framework */; };
		6003F590195388D20070C39A /* CoreGraphics.framework in Frameworks */ = {isa = PBXBuildFile; fileRef = 6003F58F195388D20070C39A /* CoreGraphics.framework */; };
		6003F592195388D20070C39A /* UIKit.framework in Frameworks */ = {isa = PBXBuildFile; fileRef = 6003F591195388D20070C39A /* UIKit.framework */; };
		6003F598195388D20070C39A /* InfoPlist.strings in Resources */ = {isa = PBXBuildFile; fileRef = 6003F596195388D20070C39A /* InfoPlist.strings */; };
		6003F59A195388D20070C39A /* main.m in Sources */ = {isa = PBXBuildFile; fileRef = 6003F599195388D20070C39A /* main.m */; };
		6003F59E195388D20070C39A /* ZZAppDelegate.m in Sources */ = {isa = PBXBuildFile; fileRef = 6003F59D195388D20070C39A /* ZZAppDelegate.m */; };
		6003F5A7195388D20070C39A /* ZZViewController.m in Sources */ = {isa = PBXBuildFile; fileRef = 6003F5A6195388D20070C39A /* ZZViewController.m */; };
		6003F5A9195388D20070C39A /* Images.xcassets in Resources */ = {isa = PBXBuildFile; fileRef = 6003F5A8195388D20070C39A /* Images.xcassets */; };
		6003F5B0195388D20070C39A /* XCTest.framework in Frameworks */ = {isa = PBXBuildFile; fileRef = 6003F5AF195388D20070C39A /* XCTest.framework */; };
		6003F5B1195388D20070C39A /* Foundation.framework in Frameworks */ = {isa = PBXBuildFile; fileRef = 6003F58D195388D20070C39A /* Foundation.framework */; };
		6003F5B2195388D20070C39A /* UIKit.framework in Frameworks */ = {isa = PBXBuildFile; fileRef = 6003F591195388D20070C39A /* UIKit.framework */; };
		6003F5BA195388D20070C39A /* InfoPlist.strings in Resources */ = {isa = PBXBuildFile; fileRef = 6003F5B8195388D20070C39A /* InfoPlist.strings */; };
		6003F5BC195388D20070C39A /* Tests.m in Sources */ = {isa = PBXBuildFile; fileRef = 6003F5BB195388D20070C39A /* Tests.m */; };
		71719F9F1E33DC2100824A3D /* LaunchScreen.storyboard in Resources */ = {isa = PBXBuildFile; fileRef = 71719F9D1E33DC2100824A3D /* LaunchScreen.storyboard */; };
		873B8AEB1B1F5CCA007FD442 /* Main.storyboard in Resources */ = {isa = PBXBuildFile; fileRef = 873B8AEA1B1F5CCA007FD442 /* Main.storyboard */; };
		FB7457C1C560093AE52967AD /* Pods_ZZRouter_Example.framework in Frameworks */ = {isa = PBXBuildFile; fileRef = 4CA030FA9C87B562DED9E3BD /* Pods_ZZRouter_Example.framework */; };
		FE2748391F497CD00055396F /* FNColor_main.plist in Resources */ = {isa = PBXBuildFile; fileRef = FE27482D1F497CD00055396F /* FNColor_main.plist */; };
		FE27483A1F497CD00055396F /* NSBundle+FNColor.m in Sources */ = {isa = PBXBuildFile; fileRef = FE2748301F497CD00055396F /* NSBundle+FNColor.m */; };
		FE27483B1F497CD00055396F /* UIColor+FNColor.m in Sources */ = {isa = PBXBuildFile; fileRef = FE2748321F497CD00055396F /* UIColor+FNColor.m */; };
		FE27483C1F497CD00055396F /* UILabel+FNColor.m in Sources */ = {isa = PBXBuildFile; fileRef = FE2748341F497CD00055396F /* UILabel+FNColor.m */; };
		FE27483D1F497CD00055396F /* UIView+FNColor.m in Sources */ = {isa = PBXBuildFile; fileRef = FE2748361F497CD00055396F /* UIView+FNColor.m */; };
		FE27484B1F497CD80055396F /* FNFont_Main.plist in Resources */ = {isa = PBXBuildFile; fileRef = FE2748431F497CD80055396F /* FNFont_Main.plist */; };
		FE27484C1F497CD80055396F /* NSBundle+FNFont.m in Sources */ = {isa = PBXBuildFile; fileRef = FE2748461F497CD80055396F /* NSBundle+FNFont.m */; };
		FE27484D1F497CD80055396F /* UIFont+FNFont.m in Sources */ = {isa = PBXBuildFile; fileRef = FE2748481F497CD80055396F /* UIFont+FNFont.m */; };
		FE2748561F497CF10055396F /* FNBaseTabBarController.m in Sources */ = {isa = PBXBuildFile; fileRef = FE2748531F497CF10055396F /* FNBaseTabBarController.m */; };
		FE2748571F497CF20055396F /* FNTabBar.m in Sources */ = {isa = PBXBuildFile; fileRef = FE2748551F497CF10055396F /* FNTabBar.m */; };
		FE42F8F71F4307780006DDB0 /* UrlList.plist in Resources */ = {isa = PBXBuildFile; fileRef = FE42F8F61F4307780006DDB0 /* UrlList.plist */; };
		FE4882F71F41867B009FB602 /* FNBaseNavigationController.m in Sources */ = {isa = PBXBuildFile; fileRef = FE4882CC1F41867B009FB602 /* FNBaseNavigationController.m */; };
		FE4882F81F41867B009FB602 /* FNBaseViewController.m in Sources */ = {isa = PBXBuildFile; fileRef = FE4882CE1F41867B009FB602 /* FNBaseViewController.m */; };
		FE4882F91F41867B009FB602 /* UINavigationController+APSafeTransition.m in Sources */ = {isa = PBXBuildFile; fileRef = FE4882CF1F41867B009FB602 /* UINavigationController+APSafeTransition.m */; };
		FE4882FA1F41867B009FB602 /* UIViewController+FNNavigationBarHidden.m in Sources */ = {isa = PBXBuildFile; fileRef = FE4882D11F41867B009FB602 /* UIViewController+FNNavigationBarHidden.m */; };
		FE4882FB1F41867B009FB602 /* ZZRouterUser.m in Sources */ = {isa = PBXBuildFile; fileRef = FE4882D41F41867B009FB602 /* ZZRouterUser.m */; };
		FE4882FC1F41867B009FB602 /* ZZRouterTabBarController.m in Sources */ = {isa = PBXBuildFile; fileRef = FE4882D71F41867B009FB602 /* ZZRouterTabBarController.m */; };
		FE4882FD1F41867B009FB602 /* ZZRouterTarget_TabBarService.m in Sources */ = {isa = PBXBuildFile; fileRef = FE4882D91F41867B009FB602 /* ZZRouterTarget_TabBarService.m */; };
		FE4882FE1F41867B009FB602 /* ZZRouterMrFreshViewController.m in Sources */ = {isa = PBXBuildFile; fileRef = FE4882DC1F41867B009FB602 /* ZZRouterMrFreshViewController.m */; };
		FE4882FF1F41867B009FB602 /* ZZRouterMrFreshViewController.xib in Resources */ = {isa = PBXBuildFile; fileRef = FE4882DD1F41867B009FB602 /* ZZRouterMrFreshViewController.xib */; };
		FE4883001F41867B009FB602 /* ZZRouterLoginParentViewController.m in Sources */ = {isa = PBXBuildFile; fileRef = FE4882E01F41867B009FB602 /* ZZRouterLoginParentViewController.m */; };
		FE4883011F41867B009FB602 /* ZZRouterLoginParentViewController.xib in Resources */ = {isa = PBXBuildFile; fileRef = FE4882E11F41867B009FB602 /* ZZRouterLoginParentViewController.xib */; };
		FE4883021F41867B009FB602 /* ZZRouterTarget_LoginModule.m in Sources */ = {isa = PBXBuildFile; fileRef = FE4882E41F41867B009FB602 /* ZZRouterTarget_LoginModule.m */; };
		FE4883031F41867B009FB602 /* FNMediator+FNUserCenterModule.m in Sources */ = {isa = PBXBuildFile; fileRef = FE4882E81F41867B009FB602 /* FNMediator+FNUserCenterModule.m */; };
		FE4883041F41867B009FB602 /* ZZRouterMyOrdersViewController.m in Sources */ = {isa = PBXBuildFile; fileRef = FE4882EB1F41867B009FB602 /* ZZRouterMyOrdersViewController.m */; };
		FE4883051F41867B009FB602 /* ZZRouterMyOrdersViewController.xib in Resources */ = {isa = PBXBuildFile; fileRef = FE4882EC1F41867B009FB602 /* ZZRouterMyOrdersViewController.xib */; };
		FE4883061F41867B009FB602 /* ZZRouterTarget_OrderModule.m in Sources */ = {isa = PBXBuildFile; fileRef = FE4882EF1F41867B009FB602 /* ZZRouterTarget_OrderModule.m */; };
		FE4883071F41867B009FB602 /* ZZRouterProductDetailViewController.m in Sources */ = {isa = PBXBuildFile; fileRef = FE4882F21F41867B009FB602 /* ZZRouterProductDetailViewController.m */; };
		FE4883081F41867B009FB602 /* ZZRouterProductDetailViewController.xib in Resources */ = {isa = PBXBuildFile; fileRef = FE4882F31F41867B009FB602 /* ZZRouterProductDetailViewController.xib */; };
		FE4883091F41867B009FB602 /* ZZRouterTarget_MerchandiseDetailModule.m in Sources */ = {isa = PBXBuildFile; fileRef = FE4882F61F41867B009FB602 /* ZZRouterTarget_MerchandiseDetailModule.m */; };
		FE4883141F4186AF009FB602 /* ZZRouterJumpTypeHideTabBarWhenPush.m in Sources */ = {isa = PBXBuildFile; fileRef = FE48830C1F4186AF009FB602 /* ZZRouterJumpTypeHideTabBarWhenPush.m */; };
		FE4883151F4186AF009FB602 /* ZZRouterJumpTypePresent.m in Sources */ = {isa = PBXBuildFile; fileRef = FE48830E1F4186AF009FB602 /* ZZRouterJumpTypePresent.m */; };
		FE4883161F4186AF009FB602 /* ZZRouterJumpTypePush.m in Sources */ = {isa = PBXBuildFile; fileRef = FE4883101F4186AF009FB602 /* ZZRouterJumpTypePush.m */; };
		FE4883171F4186AF009FB602 /* ZZRouterRedirectCheckLogin.m in Sources */ = {isa = PBXBuildFile; fileRef = FE4883121F4186AF009FB602 /* ZZRouterRedirectCheckLogin.m */; };
		FE4883181F4186AF009FB602 /* RouterMethod.plist in Resources */ = {isa = PBXBuildFile; fileRef = FE4883131F4186AF009FB602 /* RouterMethod.plist */; };
/* End PBXBuildFile section */

/* Begin PBXContainerItemProxy section */
		6003F5B3195388D20070C39A /* PBXContainerItemProxy */ = {
			isa = PBXContainerItemProxy;
			containerPortal = 6003F582195388D10070C39A /* Project object */;
			proxyType = 1;
			remoteGlobalIDString = 6003F589195388D20070C39A;
			remoteInfo = ZZRouter;
		};
/* End PBXContainerItemProxy section */

/* Begin PBXFileReference section */
		00EF2422CF351B45A9CCDB32 /* LICENSE */ = {isa = PBXFileReference; includeInIndex = 1; lastKnownFileType = text; name = LICENSE; path = ../LICENSE; sourceTree = "<group>"; };
		07F22D8CD96C1988F615197B /* Pods-ZZRouter_Tests.release.xcconfig */ = {isa = PBXFileReference; includeInIndex = 1; lastKnownFileType = text.xcconfig; name = "Pods-ZZRouter_Tests.release.xcconfig"; path = "Pods/Target Support Files/Pods-ZZRouter_Tests/Pods-ZZRouter_Tests.release.xcconfig"; sourceTree = "<group>"; };
		131FF96291B9C81495563794 /* ZZRouter.podspec */ = {isa = PBXFileReference; includeInIndex = 1; lastKnownFileType = text; name = ZZRouter.podspec; path = ../ZZRouter.podspec; sourceTree = "<group>"; };
		31B5C398CA7607FA94670574 /* Pods-ZZRouter_Example.debug.xcconfig */ = {isa = PBXFileReference; includeInIndex = 1; lastKnownFileType = text.xcconfig; name = "Pods-ZZRouter_Example.debug.xcconfig"; path = "Pods/Target Support Files/Pods-ZZRouter_Example/Pods-ZZRouter_Example.debug.xcconfig"; sourceTree = "<group>"; };
		4CA030FA9C87B562DED9E3BD /* Pods_ZZRouter_Example.framework */ = {isa = PBXFileReference; explicitFileType = wrapper.framework; includeInIndex = 0; path = Pods_ZZRouter_Example.framework; sourceTree = BUILT_PRODUCTS_DIR; };
		6003F58A195388D20070C39A /* ZZRouter_Example.app */ = {isa = PBXFileReference; explicitFileType = wrapper.application; includeInIndex = 0; path = ZZRouter_Example.app; sourceTree = BUILT_PRODUCTS_DIR; };
		6003F58D195388D20070C39A /* Foundation.framework */ = {isa = PBXFileReference; lastKnownFileType = wrapper.framework; name = Foundation.framework; path = System/Library/Frameworks/Foundation.framework; sourceTree = SDKROOT; };
		6003F58F195388D20070C39A /* CoreGraphics.framework */ = {isa = PBXFileReference; lastKnownFileType = wrapper.framework; name = CoreGraphics.framework; path = System/Library/Frameworks/CoreGraphics.framework; sourceTree = SDKROOT; };
		6003F591195388D20070C39A /* UIKit.framework */ = {isa = PBXFileReference; lastKnownFileType = wrapper.framework; name = UIKit.framework; path = System/Library/Frameworks/UIKit.framework; sourceTree = SDKROOT; };
		6003F595195388D20070C39A /* ZZRouter-Info.plist */ = {isa = PBXFileReference; lastKnownFileType = text.plist.xml; path = "ZZRouter-Info.plist"; sourceTree = "<group>"; };
		6003F597195388D20070C39A /* en */ = {isa = PBXFileReference; lastKnownFileType = text.plist.strings; name = en; path = en.lproj/InfoPlist.strings; sourceTree = "<group>"; };
		6003F599195388D20070C39A /* main.m */ = {isa = PBXFileReference; lastKnownFileType = sourcecode.c.objc; path = main.m; sourceTree = "<group>"; };
		6003F59B195388D20070C39A /* ZZRouter-Prefix.pch */ = {isa = PBXFileReference; lastKnownFileType = sourcecode.c.h; path = "ZZRouter-Prefix.pch"; sourceTree = "<group>"; };
		6003F59C195388D20070C39A /* ZZAppDelegate.h */ = {isa = PBXFileReference; lastKnownFileType = sourcecode.c.h; path = ZZAppDelegate.h; sourceTree = "<group>"; };
		6003F59D195388D20070C39A /* ZZAppDelegate.m */ = {isa = PBXFileReference; lastKnownFileType = sourcecode.c.objc; path = ZZAppDelegate.m; sourceTree = "<group>"; };
		6003F5A5195388D20070C39A /* ZZViewController.h */ = {isa = PBXFileReference; lastKnownFileType = sourcecode.c.h; path = ZZViewController.h; sourceTree = "<group>"; };
		6003F5A6195388D20070C39A /* ZZViewController.m */ = {isa = PBXFileReference; lastKnownFileType = sourcecode.c.objc; path = ZZViewController.m; sourceTree = "<group>"; };
		6003F5A8195388D20070C39A /* Images.xcassets */ = {isa = PBXFileReference; lastKnownFileType = folder.assetcatalog; path = Images.xcassets; sourceTree = "<group>"; };
		6003F5AE195388D20070C39A /* ZZRouter_Tests.xctest */ = {isa = PBXFileReference; explicitFileType = wrapper.cfbundle; includeInIndex = 0; path = ZZRouter_Tests.xctest; sourceTree = BUILT_PRODUCTS_DIR; };
		6003F5AF195388D20070C39A /* XCTest.framework */ = {isa = PBXFileReference; lastKnownFileType = wrapper.framework; name = XCTest.framework; path = Library/Frameworks/XCTest.framework; sourceTree = DEVELOPER_DIR; };
		6003F5B7195388D20070C39A /* Tests-Info.plist */ = {isa = PBXFileReference; lastKnownFileType = text.plist.xml; path = "Tests-Info.plist"; sourceTree = "<group>"; };
		6003F5B9195388D20070C39A /* en */ = {isa = PBXFileReference; lastKnownFileType = text.plist.strings; name = en; path = en.lproj/InfoPlist.strings; sourceTree = "<group>"; };
		6003F5BB195388D20070C39A /* Tests.m */ = {isa = PBXFileReference; lastKnownFileType = sourcecode.c.objc; path = Tests.m; sourceTree = "<group>"; };
		606FC2411953D9B200FFA9A0 /* Tests-Prefix.pch */ = {isa = PBXFileReference; lastKnownFileType = sourcecode.c.h; path = "Tests-Prefix.pch"; sourceTree = "<group>"; };
		71719F9E1E33DC2100824A3D /* Base */ = {isa = PBXFileReference; lastKnownFileType = file.storyboard; name = Base; path = Base.lproj/LaunchScreen.storyboard; sourceTree = "<group>"; };
		873B8AEA1B1F5CCA007FD442 /* Main.storyboard */ = {isa = PBXFileReference; fileEncoding = 4; lastKnownFileType = file.storyboard; name = Main.storyboard; path = Base.lproj/Main.storyboard; sourceTree = "<group>"; };
		B869397CCF6B7BB32558BF3C /* Pods-ZZRouter_Tests.debug.xcconfig */ = {isa = PBXFileReference; includeInIndex = 1; lastKnownFileType = text.xcconfig; name = "Pods-ZZRouter_Tests.debug.xcconfig"; path = "Pods/Target Support Files/Pods-ZZRouter_Tests/Pods-ZZRouter_Tests.debug.xcconfig"; sourceTree = "<group>"; };
		BEE253C9BF47974A0150C2A7 /* README.md */ = {isa = PBXFileReference; includeInIndex = 1; lastKnownFileType = net.daringfireball.markdown; name = README.md; path = ../README.md; sourceTree = "<group>"; };
		C16327238A4C70BB7E5B2DA7 /* Pods_ZZRouter_Tests.framework */ = {isa = PBXFileReference; explicitFileType = wrapper.framework; includeInIndex = 0; path = Pods_ZZRouter_Tests.framework; sourceTree = BUILT_PRODUCTS_DIR; };
		F33EBDC5EF7B1A300D87989D /* Pods-ZZRouter_Example.release.xcconfig */ = {isa = PBXFileReference; includeInIndex = 1; lastKnownFileType = text.xcconfig; name = "Pods-ZZRouter_Example.release.xcconfig"; path = "Pods/Target Support Files/Pods-ZZRouter_Example/Pods-ZZRouter_Example.release.xcconfig"; sourceTree = "<group>"; };
		FE27482D1F497CD00055396F /* FNColor_main.plist */ = {isa = PBXFileReference; lastKnownFileType = file.bplist; path = FNColor_main.plist; sourceTree = "<group>"; };
		FE27482F1F497CD00055396F /* NSBundle+FNColor.h */ = {isa = PBXFileReference; fileEncoding = 4; lastKnownFileType = sourcecode.c.h; path = "NSBundle+FNColor.h"; sourceTree = "<group>"; };
		FE2748301F497CD00055396F /* NSBundle+FNColor.m */ = {isa = PBXFileReference; fileEncoding = 4; lastKnownFileType = sourcecode.c.objc; path = "NSBundle+FNColor.m"; sourceTree = "<group>"; };
		FE2748311F497CD00055396F /* UIColor+FNColor.h */ = {isa = PBXFileReference; fileEncoding = 4; lastKnownFileType = sourcecode.c.h; path = "UIColor+FNColor.h"; sourceTree = "<group>"; };
		FE2748321F497CD00055396F /* UIColor+FNColor.m */ = {isa = PBXFileReference; fileEncoding = 4; lastKnownFileType = sourcecode.c.objc; path = "UIColor+FNColor.m"; sourceTree = "<group>"; };
		FE2748331F497CD00055396F /* UILabel+FNColor.h */ = {isa = PBXFileReference; fileEncoding = 4; lastKnownFileType = sourcecode.c.h; path = "UILabel+FNColor.h"; sourceTree = "<group>"; };
		FE2748341F497CD00055396F /* UILabel+FNColor.m */ = {isa = PBXFileReference; fileEncoding = 4; lastKnownFileType = sourcecode.c.objc; path = "UILabel+FNColor.m"; sourceTree = "<group>"; };
		FE2748351F497CD00055396F /* UIView+FNColor.h */ = {isa = PBXFileReference; fileEncoding = 4; lastKnownFileType = sourcecode.c.h; path = "UIView+FNColor.h"; sourceTree = "<group>"; };
		FE2748361F497CD00055396F /* UIView+FNColor.m */ = {isa = PBXFileReference; fileEncoding = 4; lastKnownFileType = sourcecode.c.objc; path = "UIView+FNColor.m"; sourceTree = "<group>"; };
		FE2748431F497CD80055396F /* FNFont_Main.plist */ = {isa = PBXFileReference; fileEncoding = 4; lastKnownFileType = text.plist.xml; path = FNFont_Main.plist; sourceTree = "<group>"; };
		FE2748451F497CD80055396F /* NSBundle+FNFont.h */ = {isa = PBXFileReference; fileEncoding = 4; lastKnownFileType = sourcecode.c.h; path = "NSBundle+FNFont.h"; sourceTree = "<group>"; };
		FE2748461F497CD80055396F /* NSBundle+FNFont.m */ = {isa = PBXFileReference; fileEncoding = 4; lastKnownFileType = sourcecode.c.objc; path = "NSBundle+FNFont.m"; sourceTree = "<group>"; };
		FE2748471F497CD80055396F /* UIFont+FNFont.h */ = {isa = PBXFileReference; fileEncoding = 4; lastKnownFileType = sourcecode.c.h; path = "UIFont+FNFont.h"; sourceTree = "<group>"; };
		FE2748481F497CD80055396F /* UIFont+FNFont.m */ = {isa = PBXFileReference; fileEncoding = 4; lastKnownFileType = sourcecode.c.objc; path = "UIFont+FNFont.m"; sourceTree = "<group>"; };
		FE2748521F497CF10055396F /* FNBaseTabBarController.h */ = {isa = PBXFileReference; fileEncoding = 4; lastKnownFileType = sourcecode.c.h; path = FNBaseTabBarController.h; sourceTree = "<group>"; };
		FE2748531F497CF10055396F /* FNBaseTabBarController.m */ = {isa = PBXFileReference; fileEncoding = 4; lastKnownFileType = sourcecode.c.objc; path = FNBaseTabBarController.m; sourceTree = "<group>"; };
		FE2748541F497CF10055396F /* FNTabBar.h */ = {isa = PBXFileReference; fileEncoding = 4; lastKnownFileType = sourcecode.c.h; path = FNTabBar.h; sourceTree = "<group>"; };
		FE2748551F497CF10055396F /* FNTabBar.m */ = {isa = PBXFileReference; fileEncoding = 4; lastKnownFileType = sourcecode.c.objc; path = FNTabBar.m; sourceTree = "<group>"; };
		FE42F8F61F4307780006DDB0 /* UrlList.plist */ = {isa = PBXFileReference; fileEncoding = 4; lastKnownFileType = text.plist.xml; path = UrlList.plist; sourceTree = "<group>"; };
		FE4882CB1F41867B009FB602 /* FNBaseNavigationController.h */ = {isa = PBXFileReference; fileEncoding = 4; lastKnownFileType = sourcecode.c.h; path = FNBaseNavigationController.h; sourceTree = "<group>"; };
		FE4882CC1F41867B009FB602 /* FNBaseNavigationController.m */ = {isa = PBXFileReference; fileEncoding = 4; lastKnownFileType = sourcecode.c.objc; path = FNBaseNavigationController.m; sourceTree = "<group>"; };
		FE4882CD1F41867B009FB602 /* FNBaseViewController.h */ = {isa = PBXFileReference; fileEncoding = 4; lastKnownFileType = sourcecode.c.h; path = FNBaseViewController.h; sourceTree = "<group>"; };
		FE4882CE1F41867B009FB602 /* FNBaseViewController.m */ = {isa = PBXFileReference; fileEncoding = 4; lastKnownFileType = sourcecode.c.objc; path = FNBaseViewController.m; sourceTree = "<group>"; };
		FE4882CF1F41867B009FB602 /* UINavigationController+APSafeTransition.m */ = {isa = PBXFileReference; fileEncoding = 4; lastKnownFileType = sourcecode.c.objc; path = "UINavigationController+APSafeTransition.m"; sourceTree = "<group>"; };
		FE4882D01F41867B009FB602 /* UIViewController+FNNavigationBarHidden.h */ = {isa = PBXFileReference; fileEncoding = 4; lastKnownFileType = sourcecode.c.h; path = "UIViewController+FNNavigationBarHidden.h"; sourceTree = "<group>"; };
		FE4882D11F41867B009FB602 /* UIViewController+FNNavigationBarHidden.m */ = {isa = PBXFileReference; fileEncoding = 4; lastKnownFileType = sourcecode.c.objc; path = "UIViewController+FNNavigationBarHidden.m"; sourceTree = "<group>"; };
		FE4882D31F41867B009FB602 /* ZZRouterUser.h */ = {isa = PBXFileReference; fileEncoding = 4; lastKnownFileType = sourcecode.c.h; path = ZZRouterUser.h; sourceTree = "<group>"; };
		FE4882D41F41867B009FB602 /* ZZRouterUser.m */ = {isa = PBXFileReference; fileEncoding = 4; lastKnownFileType = sourcecode.c.objc; path = ZZRouterUser.m; sourceTree = "<group>"; };
		FE4882D61F41867B009FB602 /* ZZRouterTabBarController.h */ = {isa = PBXFileReference; fileEncoding = 4; lastKnownFileType = sourcecode.c.h; path = ZZRouterTabBarController.h; sourceTree = "<group>"; };
		FE4882D71F41867B009FB602 /* ZZRouterTabBarController.m */ = {isa = PBXFileReference; fileEncoding = 4; lastKnownFileType = sourcecode.c.objc; path = ZZRouterTabBarController.m; sourceTree = "<group>"; };
		FE4882D81F41867B009FB602 /* ZZRouterTarget_TabBarService.h */ = {isa = PBXFileReference; fileEncoding = 4; lastKnownFileType = sourcecode.c.h; path = ZZRouterTarget_TabBarService.h; sourceTree = "<group>"; };
		FE4882D91F41867B009FB602 /* ZZRouterTarget_TabBarService.m */ = {isa = PBXFileReference; fileEncoding = 4; lastKnownFileType = sourcecode.c.objc; path = ZZRouterTarget_TabBarService.m; sourceTree = "<group>"; };
		FE4882DB1F41867B009FB602 /* ZZRouterMrFreshViewController.h */ = {isa = PBXFileReference; fileEncoding = 4; lastKnownFileType = sourcecode.c.h; path = ZZRouterMrFreshViewController.h; sourceTree = "<group>"; };
		FE4882DC1F41867B009FB602 /* ZZRouterMrFreshViewController.m */ = {isa = PBXFileReference; fileEncoding = 4; lastKnownFileType = sourcecode.c.objc; path = ZZRouterMrFreshViewController.m; sourceTree = "<group>"; };
		FE4882DD1F41867B009FB602 /* ZZRouterMrFreshViewController.xib */ = {isa = PBXFileReference; fileEncoding = 4; lastKnownFileType = file.xib; path = ZZRouterMrFreshViewController.xib; sourceTree = "<group>"; };
		FE4882DF1F41867B009FB602 /* ZZRouterLoginParentViewController.h */ = {isa = PBXFileReference; fileEncoding = 4; lastKnownFileType = sourcecode.c.h; path = ZZRouterLoginParentViewController.h; sourceTree = "<group>"; };
		FE4882E01F41867B009FB602 /* ZZRouterLoginParentViewController.m */ = {isa = PBXFileReference; fileEncoding = 4; lastKnownFileType = sourcecode.c.objc; path = ZZRouterLoginParentViewController.m; sourceTree = "<group>"; };
		FE4882E11F41867B009FB602 /* ZZRouterLoginParentViewController.xib */ = {isa = PBXFileReference; fileEncoding = 4; lastKnownFileType = file.xib; path = ZZRouterLoginParentViewController.xib; sourceTree = "<group>"; };
		FE4882E31F41867B009FB602 /* ZZRouterTarget_LoginModule.h */ = {isa = PBXFileReference; fileEncoding = 4; lastKnownFileType = sourcecode.c.h; path = ZZRouterTarget_LoginModule.h; sourceTree = "<group>"; };
		FE4882E41F41867B009FB602 /* ZZRouterTarget_LoginModule.m */ = {isa = PBXFileReference; fileEncoding = 4; lastKnownFileType = sourcecode.c.objc; path = ZZRouterTarget_LoginModule.m; sourceTree = "<group>"; };
		FE4882E71F41867B009FB602 /* FNMediator+FNUserCenterModule.h */ = {isa = PBXFileReference; fileEncoding = 4; lastKnownFileType = sourcecode.c.h; path = "FNMediator+FNUserCenterModule.h"; sourceTree = "<group>"; };
		FE4882E81F41867B009FB602 /* FNMediator+FNUserCenterModule.m */ = {isa = PBXFileReference; fileEncoding = 4; lastKnownFileType = sourcecode.c.objc; path = "FNMediator+FNUserCenterModule.m"; sourceTree = "<group>"; };
		FE4882EA1F41867B009FB602 /* ZZRouterMyOrdersViewController.h */ = {isa = PBXFileReference; fileEncoding = 4; lastKnownFileType = sourcecode.c.h; path = ZZRouterMyOrdersViewController.h; sourceTree = "<group>"; };
		FE4882EB1F41867B009FB602 /* ZZRouterMyOrdersViewController.m */ = {isa = PBXFileReference; fileEncoding = 4; lastKnownFileType = sourcecode.c.objc; path = ZZRouterMyOrdersViewController.m; sourceTree = "<group>"; };
		FE4882EC1F41867B009FB602 /* ZZRouterMyOrdersViewController.xib */ = {isa = PBXFileReference; fileEncoding = 4; lastKnownFileType = file.xib; path = ZZRouterMyOrdersViewController.xib; sourceTree = "<group>"; };
		FE4882EE1F41867B009FB602 /* ZZRouterTarget_OrderModule.h */ = {isa = PBXFileReference; fileEncoding = 4; lastKnownFileType = sourcecode.c.h; path = ZZRouterTarget_OrderModule.h; sourceTree = "<group>"; };
		FE4882EF1F41867B009FB602 /* ZZRouterTarget_OrderModule.m */ = {isa = PBXFileReference; fileEncoding = 4; lastKnownFileType = sourcecode.c.objc; path = ZZRouterTarget_OrderModule.m; sourceTree = "<group>"; };
		FE4882F11F41867B009FB602 /* ZZRouterProductDetailViewController.h */ = {isa = PBXFileReference; fileEncoding = 4; lastKnownFileType = sourcecode.c.h; path = ZZRouterProductDetailViewController.h; sourceTree = "<group>"; };
		FE4882F21F41867B009FB602 /* ZZRouterProductDetailViewController.m */ = {isa = PBXFileReference; fileEncoding = 4; lastKnownFileType = sourcecode.c.objc; path = ZZRouterProductDetailViewController.m; sourceTree = "<group>"; };
		FE4882F31F41867B009FB602 /* ZZRouterProductDetailViewController.xib */ = {isa = PBXFileReference; fileEncoding = 4; lastKnownFileType = file.xib; path = ZZRouterProductDetailViewController.xib; sourceTree = "<group>"; };
		FE4882F51F41867B009FB602 /* ZZRouterTarget_MerchandiseDetailModule.h */ = {isa = PBXFileReference; fileEncoding = 4; lastKnownFileType = sourcecode.c.h; path = ZZRouterTarget_MerchandiseDetailModule.h; sourceTree = "<group>"; };
		FE4882F61F41867B009FB602 /* ZZRouterTarget_MerchandiseDetailModule.m */ = {isa = PBXFileReference; fileEncoding = 4; lastKnownFileType = sourcecode.c.objc; path = ZZRouterTarget_MerchandiseDetailModule.m; sourceTree = "<group>"; };
		FE48830B1F4186AF009FB602 /* ZZRouterJumpTypeHideTabBarWhenPush.h */ = {isa = PBXFileReference; fileEncoding = 4; lastKnownFileType = sourcecode.c.h; path = ZZRouterJumpTypeHideTabBarWhenPush.h; sourceTree = "<group>"; };
		FE48830C1F4186AF009FB602 /* ZZRouterJumpTypeHideTabBarWhenPush.m */ = {isa = PBXFileReference; fileEncoding = 4; lastKnownFileType = sourcecode.c.objc; path = ZZRouterJumpTypeHideTabBarWhenPush.m; sourceTree = "<group>"; };
		FE48830D1F4186AF009FB602 /* ZZRouterJumpTypePresent.h */ = {isa = PBXFileReference; fileEncoding = 4; lastKnownFileType = sourcecode.c.h; path = ZZRouterJumpTypePresent.h; sourceTree = "<group>"; };
		FE48830E1F4186AF009FB602 /* ZZRouterJumpTypePresent.m */ = {isa = PBXFileReference; fileEncoding = 4; lastKnownFileType = sourcecode.c.objc; path = ZZRouterJumpTypePresent.m; sourceTree = "<group>"; };
		FE48830F1F4186AF009FB602 /* ZZRouterJumpTypePush.h */ = {isa = PBXFileReference; fileEncoding = 4; lastKnownFileType = sourcecode.c.h; path = ZZRouterJumpTypePush.h; sourceTree = "<group>"; };
		FE4883101F4186AF009FB602 /* ZZRouterJumpTypePush.m */ = {isa = PBXFileReference; fileEncoding = 4; lastKnownFileType = sourcecode.c.objc; path = ZZRouterJumpTypePush.m; sourceTree = "<group>"; };
		FE4883111F4186AF009FB602 /* ZZRouterRedirectCheckLogin.h */ = {isa = PBXFileReference; fileEncoding = 4; lastKnownFileType = sourcecode.c.h; path = ZZRouterRedirectCheckLogin.h; sourceTree = "<group>"; };
		FE4883121F4186AF009FB602 /* ZZRouterRedirectCheckLogin.m */ = {isa = PBXFileReference; fileEncoding = 4; lastKnownFileType = sourcecode.c.objc; path = ZZRouterRedirectCheckLogin.m; sourceTree = "<group>"; };
		FE4883131F4186AF009FB602 /* RouterMethod.plist */ = {isa = PBXFileReference; fileEncoding = 4; lastKnownFileType = text.plist.xml; path = RouterMethod.plist; sourceTree = "<group>"; };
/* End PBXFileReference section */

/* Begin PBXFrameworksBuildPhase section */
		6003F587195388D20070C39A /* Frameworks */ = {
			isa = PBXFrameworksBuildPhase;
			buildActionMask = 2147483647;
			files = (
				6003F590195388D20070C39A /* CoreGraphics.framework in Frameworks */,
				6003F592195388D20070C39A /* UIKit.framework in Frameworks */,
				6003F58E195388D20070C39A /* Foundation.framework in Frameworks */,
				FB7457C1C560093AE52967AD /* Pods_ZZRouter_Example.framework in Frameworks */,
			);
			runOnlyForDeploymentPostprocessing = 0;
		};
		6003F5AB195388D20070C39A /* Frameworks */ = {
			isa = PBXFrameworksBuildPhase;
			buildActionMask = 2147483647;
			files = (
				6003F5B0195388D20070C39A /* XCTest.framework in Frameworks */,
				6003F5B2195388D20070C39A /* UIKit.framework in Frameworks */,
				6003F5B1195388D20070C39A /* Foundation.framework in Frameworks */,
				10295B6CFE0FD5167ECB3139 /* Pods_ZZRouter_Tests.framework in Frameworks */,
			);
			runOnlyForDeploymentPostprocessing = 0;
		};
/* End PBXFrameworksBuildPhase section */

/* Begin PBXGroup section */
		583A5D6D2E93DAD459114A99 /* Pods */ = {
			isa = PBXGroup;
			children = (
				31B5C398CA7607FA94670574 /* Pods-ZZRouter_Example.debug.xcconfig */,
				F33EBDC5EF7B1A300D87989D /* Pods-ZZRouter_Example.release.xcconfig */,
				B869397CCF6B7BB32558BF3C /* Pods-ZZRouter_Tests.debug.xcconfig */,
				07F22D8CD96C1988F615197B /* Pods-ZZRouter_Tests.release.xcconfig */,
			);
			name = Pods;
			sourceTree = "<group>";
		};
		6003F581195388D10070C39A = {
			isa = PBXGroup;
			children = (
				60FF7A9C1954A5C5007DD14C /* Podspec Metadata */,
				6003F593195388D20070C39A /* Example for ZZRouter */,
				6003F5B5195388D20070C39A /* Tests */,
				6003F58C195388D20070C39A /* Frameworks */,
				6003F58B195388D20070C39A /* Products */,
				583A5D6D2E93DAD459114A99 /* Pods */,
			);
			sourceTree = "<group>";
		};
		6003F58B195388D20070C39A /* Products */ = {
			isa = PBXGroup;
			children = (
				6003F58A195388D20070C39A /* ZZRouter_Example.app */,
				6003F5AE195388D20070C39A /* ZZRouter_Tests.xctest */,
			);
			name = Products;
			sourceTree = "<group>";
		};
		6003F58C195388D20070C39A /* Frameworks */ = {
			isa = PBXGroup;
			children = (
				6003F58D195388D20070C39A /* Foundation.framework */,
				6003F58F195388D20070C39A /* CoreGraphics.framework */,
				6003F591195388D20070C39A /* UIKit.framework */,
				6003F5AF195388D20070C39A /* XCTest.framework */,
				4CA030FA9C87B562DED9E3BD /* Pods_ZZRouter_Example.framework */,
				C16327238A4C70BB7E5B2DA7 /* Pods_ZZRouter_Tests.framework */,
			);
			name = Frameworks;
			sourceTree = "<group>";
		};
		6003F593195388D20070C39A /* Example for ZZRouter */ = {
			isa = PBXGroup;
			children = (
				FE2748401F497CD80055396F /* FNFont */,
				FE27482A1F497CD00055396F /* FNColor */,
				FE42F8F61F4307780006DDB0 /* UrlList.plist */,
				FE48830A1F4186AF009FB602 /* RouterMethod */,
				FE4882CA1F41867B009FB602 /* FNBaseViewController */,
				FE4882D21F41867B009FB602 /* FNFreshUser */,
				FE4882D51F41867B009FB602 /* FNTabBar */,
				FE4882DA1F41867B009FB602 /* Home */,
				FE4882DE1F41867B009FB602 /* Login */,
				FE4882E51F41867B009FB602 /* MediatorCategoty */,
				FE4882E91F41867B009FB602 /* Order */,
				FE4882F01F41867B009FB602 /* ProductDetail */,
				6003F59C195388D20070C39A /* ZZAppDelegate.h */,
				6003F59D195388D20070C39A /* ZZAppDelegate.m */,
				873B8AEA1B1F5CCA007FD442 /* Main.storyboard */,
				6003F5A5195388D20070C39A /* ZZViewController.h */,
				6003F5A6195388D20070C39A /* ZZViewController.m */,
				71719F9D1E33DC2100824A3D /* LaunchScreen.storyboard */,
				6003F5A8195388D20070C39A /* Images.xcassets */,
				6003F594195388D20070C39A /* Supporting Files */,
			);
			name = "Example for ZZRouter";
			path = ZZRouter;
			sourceTree = "<group>";
		};
		6003F594195388D20070C39A /* Supporting Files */ = {
			isa = PBXGroup;
			children = (
				6003F595195388D20070C39A /* ZZRouter-Info.plist */,
				6003F596195388D20070C39A /* InfoPlist.strings */,
				6003F599195388D20070C39A /* main.m */,
				6003F59B195388D20070C39A /* ZZRouter-Prefix.pch */,
			);
			name = "Supporting Files";
			sourceTree = "<group>";
		};
		6003F5B5195388D20070C39A /* Tests */ = {
			isa = PBXGroup;
			children = (
				6003F5BB195388D20070C39A /* Tests.m */,
				6003F5B6195388D20070C39A /* Supporting Files */,
			);
			path = Tests;
			sourceTree = "<group>";
		};
		6003F5B6195388D20070C39A /* Supporting Files */ = {
			isa = PBXGroup;
			children = (
				6003F5B7195388D20070C39A /* Tests-Info.plist */,
				6003F5B8195388D20070C39A /* InfoPlist.strings */,
				606FC2411953D9B200FFA9A0 /* Tests-Prefix.pch */,
			);
			name = "Supporting Files";
			sourceTree = "<group>";
		};
		60FF7A9C1954A5C5007DD14C /* Podspec Metadata */ = {
			isa = PBXGroup;
			children = (
				131FF96291B9C81495563794 /* ZZRouter.podspec */,
				BEE253C9BF47974A0150C2A7 /* README.md */,
				00EF2422CF351B45A9CCDB32 /* LICENSE */,
			);
			name = "Podspec Metadata";
			sourceTree = "<group>";
		};
		FE27482A1F497CD00055396F /* FNColor */ = {
			isa = PBXGroup;
			children = (
				FE27482B1F497CD00055396F /* FNColor */,
			);
			path = FNColor;
			sourceTree = "<group>";
		};
		FE27482B1F497CD00055396F /* FNColor */ = {
			isa = PBXGroup;
			children = (
				FE27482C1F497CD00055396F /* Assets */,
				FE27482E1F497CD00055396F /* Classes */,
			);
			path = FNColor;
			sourceTree = "<group>";
		};
		FE27482C1F497CD00055396F /* Assets */ = {
			isa = PBXGroup;
			children = (
				FE27482D1F497CD00055396F /* FNColor_main.plist */,
			);
			path = Assets;
			sourceTree = "<group>";
		};
		FE27482E1F497CD00055396F /* Classes */ = {
			isa = PBXGroup;
			children = (
				FE27482F1F497CD00055396F /* NSBundle+FNColor.h */,
				FE2748301F497CD00055396F /* NSBundle+FNColor.m */,
				FE2748311F497CD00055396F /* UIColor+FNColor.h */,
				FE2748321F497CD00055396F /* UIColor+FNColor.m */,
				FE2748331F497CD00055396F /* UILabel+FNColor.h */,
				FE2748341F497CD00055396F /* UILabel+FNColor.m */,
				FE2748351F497CD00055396F /* UIView+FNColor.h */,
				FE2748361F497CD00055396F /* UIView+FNColor.m */,
			);
			path = Classes;
			sourceTree = "<group>";
		};
		FE2748401F497CD80055396F /* FNFont */ = {
			isa = PBXGroup;
			children = (
				FE2748411F497CD80055396F /* FNFont */,
			);
			path = FNFont;
			sourceTree = "<group>";
		};
		FE2748411F497CD80055396F /* FNFont */ = {
			isa = PBXGroup;
			children = (
				FE2748421F497CD80055396F /* Assets */,
				FE2748441F497CD80055396F /* Classes */,
			);
			path = FNFont;
			sourceTree = "<group>";
		};
		FE2748421F497CD80055396F /* Assets */ = {
			isa = PBXGroup;
			children = (
				FE2748431F497CD80055396F /* FNFont_Main.plist */,
			);
			path = Assets;
			sourceTree = "<group>";
		};
		FE2748441F497CD80055396F /* Classes */ = {
			isa = PBXGroup;
			children = (
				FE2748451F497CD80055396F /* NSBundle+FNFont.h */,
				FE2748461F497CD80055396F /* NSBundle+FNFont.m */,
				FE2748471F497CD80055396F /* UIFont+FNFont.h */,
				FE2748481F497CD80055396F /* UIFont+FNFont.m */,
			);
			path = Classes;
			sourceTree = "<group>";
		};
		FE2748501F497CF10055396F /* FNTabBar */ = {
			isa = PBXGroup;
			children = (
				FE2748511F497CF10055396F /* Classes */,
			);
			path = FNTabBar;
			sourceTree = "<group>";
		};
		FE2748511F497CF10055396F /* Classes */ = {
			isa = PBXGroup;
			children = (
				FE2748521F497CF10055396F /* FNBaseTabBarController.h */,
				FE2748531F497CF10055396F /* FNBaseTabBarController.m */,
				FE2748541F497CF10055396F /* FNTabBar.h */,
				FE2748551F497CF10055396F /* FNTabBar.m */,
			);
			path = Classes;
			sourceTree = "<group>";
		};
		FE4882CA1F41867B009FB602 /* FNBaseViewController */ = {
			isa = PBXGroup;
			children = (
				FE4882CB1F41867B009FB602 /* FNBaseNavigationController.h */,
				FE4882CC1F41867B009FB602 /* FNBaseNavigationController.m */,
				FE4882CD1F41867B009FB602 /* FNBaseViewController.h */,
				FE4882CE1F41867B009FB602 /* FNBaseViewController.m */,
				FE4882CF1F41867B009FB602 /* UINavigationController+APSafeTransition.m */,
				FE4882D01F41867B009FB602 /* UIViewController+FNNavigationBarHidden.h */,
				FE4882D11F41867B009FB602 /* UIViewController+FNNavigationBarHidden.m */,
			);
			path = FNBaseViewController;
			sourceTree = "<group>";
		};
		FE4882D21F41867B009FB602 /* FNFreshUser */ = {
			isa = PBXGroup;
			children = (
				FE4882D31F41867B009FB602 /* ZZRouterUser.h */,
				FE4882D41F41867B009FB602 /* ZZRouterUser.m */,
			);
			path = FNFreshUser;
			sourceTree = "<group>";
		};
		FE4882D51F41867B009FB602 /* FNTabBar */ = {
			isa = PBXGroup;
			children = (
				FE2748501F497CF10055396F /* FNTabBar */,
				FE4882D61F41867B009FB602 /* ZZRouterTabBarController.h */,
				FE4882D71F41867B009FB602 /* ZZRouterTabBarController.m */,
				FE4882D81F41867B009FB602 /* ZZRouterTarget_TabBarService.h */,
				FE4882D91F41867B009FB602 /* ZZRouterTarget_TabBarService.m */,
			);
			path = FNTabBar;
			sourceTree = "<group>";
		};
		FE4882DA1F41867B009FB602 /* Home */ = {
			isa = PBXGroup;
			children = (
				FE4882DB1F41867B009FB602 /* ZZRouterMrFreshViewController.h */,
				FE4882DC1F41867B009FB602 /* ZZRouterMrFreshViewController.m */,
				FE4882DD1F41867B009FB602 /* ZZRouterMrFreshViewController.xib */,
			);
			path = Home;
			sourceTree = "<group>";
		};
		FE4882DE1F41867B009FB602 /* Login */ = {
			isa = PBXGroup;
			children = (
				FE4882DF1F41867B009FB602 /* ZZRouterLoginParentViewController.h */,
				FE4882E01F41867B009FB602 /* ZZRouterLoginParentViewController.m */,
				FE4882E11F41867B009FB602 /* ZZRouterLoginParentViewController.xib */,
				FE4882E21F41867B009FB602 /* Targets */,
			);
			path = Login;
			sourceTree = "<group>";
		};
		FE4882E21F41867B009FB602 /* Targets */ = {
			isa = PBXGroup;
			children = (
				FE4882E31F41867B009FB602 /* ZZRouterTarget_LoginModule.h */,
				FE4882E41F41867B009FB602 /* ZZRouterTarget_LoginModule.m */,
			);
			path = Targets;
			sourceTree = "<group>";
		};
		FE4882E51F41867B009FB602 /* MediatorCategoty */ = {
			isa = PBXGroup;
			children = (
				FE4882E61F41867B009FB602 /* UserCenter */,
			);
			path = MediatorCategoty;
			sourceTree = "<group>";
		};
		FE4882E61F41867B009FB602 /* UserCenter */ = {
			isa = PBXGroup;
			children = (
				FE4882E71F41867B009FB602 /* FNMediator+FNUserCenterModule.h */,
				FE4882E81F41867B009FB602 /* FNMediator+FNUserCenterModule.m */,
			);
			path = UserCenter;
			sourceTree = "<group>";
		};
		FE4882E91F41867B009FB602 /* Order */ = {
			isa = PBXGroup;
			children = (
				FE4882EA1F41867B009FB602 /* ZZRouterMyOrdersViewController.h */,
				FE4882EB1F41867B009FB602 /* ZZRouterMyOrdersViewController.m */,
				FE4882EC1F41867B009FB602 /* ZZRouterMyOrdersViewController.xib */,
				FE4882ED1F41867B009FB602 /* Target */,
			);
			path = Order;
			sourceTree = "<group>";
		};
		FE4882ED1F41867B009FB602 /* Target */ = {
			isa = PBXGroup;
			children = (
				FE4882EE1F41867B009FB602 /* ZZRouterTarget_OrderModule.h */,
				FE4882EF1F41867B009FB602 /* ZZRouterTarget_OrderModule.m */,
			);
			path = Target;
			sourceTree = "<group>";
		};
		FE4882F01F41867B009FB602 /* ProductDetail */ = {
			isa = PBXGroup;
			children = (
				FE4882F11F41867B009FB602 /* ZZRouterProductDetailViewController.h */,
				FE4882F21F41867B009FB602 /* ZZRouterProductDetailViewController.m */,
				FE4882F31F41867B009FB602 /* ZZRouterProductDetailViewController.xib */,
				FE4882F41F41867B009FB602 /* Target */,
			);
			path = ProductDetail;
			sourceTree = "<group>";
		};
		FE4882F41F41867B009FB602 /* Target */ = {
			isa = PBXGroup;
			children = (
				FE4882F51F41867B009FB602 /* ZZRouterTarget_MerchandiseDetailModule.h */,
				FE4882F61F41867B009FB602 /* ZZRouterTarget_MerchandiseDetailModule.m */,
			);
			path = Target;
			sourceTree = "<group>";
		};
		FE48830A1F4186AF009FB602 /* RouterMethod */ = {
			isa = PBXGroup;
			children = (
				FE48830B1F4186AF009FB602 /* ZZRouterJumpTypeHideTabBarWhenPush.h */,
				FE48830C1F4186AF009FB602 /* ZZRouterJumpTypeHideTabBarWhenPush.m */,
				FE48830D1F4186AF009FB602 /* ZZRouterJumpTypePresent.h */,
				FE48830E1F4186AF009FB602 /* ZZRouterJumpTypePresent.m */,
				FE48830F1F4186AF009FB602 /* ZZRouterJumpTypePush.h */,
				FE4883101F4186AF009FB602 /* ZZRouterJumpTypePush.m */,
				FE4883111F4186AF009FB602 /* ZZRouterRedirectCheckLogin.h */,
				FE4883121F4186AF009FB602 /* ZZRouterRedirectCheckLogin.m */,
				FE4883131F4186AF009FB602 /* RouterMethod.plist */,
			);
			path = RouterMethod;
			sourceTree = "<group>";
		};
/* End PBXGroup section */

/* Begin PBXNativeTarget section */
		6003F589195388D20070C39A /* ZZRouter_Example */ = {
			isa = PBXNativeTarget;
			buildConfigurationList = 6003F5BF195388D20070C39A /* Build configuration list for PBXNativeTarget "ZZRouter_Example" */;
			buildPhases = (
				76D640D5FA8EBF729536D164 /* [CP] Check Pods Manifest.lock */,
				6003F586195388D20070C39A /* Sources */,
				6003F587195388D20070C39A /* Frameworks */,
				6003F588195388D20070C39A /* Resources */,
				12C9B2BFB02EB5FA630E8DFB /* [CP] Embed Pods Frameworks */,
				75AABD574D636FDD6DA8824A /* [CP] Copy Pods Resources */,
			);
			buildRules = (
			);
			dependencies = (
			);
			name = ZZRouter_Example;
			productName = ZZRouter;
			productReference = 6003F58A195388D20070C39A /* ZZRouter_Example.app */;
			productType = "com.apple.product-type.application";
		};
		6003F5AD195388D20070C39A /* ZZRouter_Tests */ = {
			isa = PBXNativeTarget;
			buildConfigurationList = 6003F5C2195388D20070C39A /* Build configuration list for PBXNativeTarget "ZZRouter_Tests" */;
			buildPhases = (
				6D3EA5D4725D193D60CF7BA1 /* [CP] Check Pods Manifest.lock */,
				6003F5AA195388D20070C39A /* Sources */,
				6003F5AB195388D20070C39A /* Frameworks */,
				6003F5AC195388D20070C39A /* Resources */,
				587CBEE321718C2275BC58A5 /* [CP] Embed Pods Frameworks */,
				52138E9C6C126F554DB70B80 /* [CP] Copy Pods Resources */,
			);
			buildRules = (
			);
			dependencies = (
				6003F5B4195388D20070C39A /* PBXTargetDependency */,
			);
			name = ZZRouter_Tests;
			productName = ZZRouterTests;
			productReference = 6003F5AE195388D20070C39A /* ZZRouter_Tests.xctest */;
			productType = "com.apple.product-type.bundle.unit-test";
		};
/* End PBXNativeTarget section */

/* Begin PBXProject section */
		6003F582195388D10070C39A /* Project object */ = {
			isa = PBXProject;
			attributes = {
				CLASSPREFIX = ZZ;
				LastUpgradeCheck = 0820;
				ORGANIZATIONNAME = "张苏亚";
				TargetAttributes = {
					6003F5AD195388D20070C39A = {
						TestTargetID = 6003F589195388D20070C39A;
					};
				};
			};
			buildConfigurationList = 6003F585195388D10070C39A /* Build configuration list for PBXProject "ZZRouter" */;
			compatibilityVersion = "Xcode 3.2";
			developmentRegion = English;
			hasScannedForEncodings = 0;
			knownRegions = (
				en,
				Base,
			);
			mainGroup = 6003F581195388D10070C39A;
			productRefGroup = 6003F58B195388D20070C39A /* Products */;
			projectDirPath = "";
			projectRoot = "";
			targets = (
				6003F589195388D20070C39A /* ZZRouter_Example */,
				6003F5AD195388D20070C39A /* ZZRouter_Tests */,
			);
		};
/* End PBXProject section */

/* Begin PBXResourcesBuildPhase section */
		6003F588195388D20070C39A /* Resources */ = {
			isa = PBXResourcesBuildPhase;
			buildActionMask = 2147483647;
			files = (
				FE2748391F497CD00055396F /* FNColor_main.plist in Resources */,
				FE42F8F71F4307780006DDB0 /* UrlList.plist in Resources */,
				FE4883181F4186AF009FB602 /* RouterMethod.plist in Resources */,
				873B8AEB1B1F5CCA007FD442 /* Main.storyboard in Resources */,
				FE4882FF1F41867B009FB602 /* ZZRouterMrFreshViewController.xib in Resources */,
				71719F9F1E33DC2100824A3D /* LaunchScreen.storyboard in Resources */,
				6003F5A9195388D20070C39A /* Images.xcassets in Resources */,
				FE27484B1F497CD80055396F /* FNFont_Main.plist in Resources */,
				FE4883051F41867B009FB602 /* ZZRouterMyOrdersViewController.xib in Resources */,
				6003F598195388D20070C39A /* InfoPlist.strings in Resources */,
				FE4883081F41867B009FB602 /* ZZRouterProductDetailViewController.xib in Resources */,
				FE4883011F41867B009FB602 /* ZZRouterLoginParentViewController.xib in Resources */,
			);
			runOnlyForDeploymentPostprocessing = 0;
		};
		6003F5AC195388D20070C39A /* Resources */ = {
			isa = PBXResourcesBuildPhase;
			buildActionMask = 2147483647;
			files = (
				6003F5BA195388D20070C39A /* InfoPlist.strings in Resources */,
			);
			runOnlyForDeploymentPostprocessing = 0;
		};
/* End PBXResourcesBuildPhase section */

/* Begin PBXShellScriptBuildPhase section */
		12C9B2BFB02EB5FA630E8DFB /* [CP] Embed Pods Frameworks */ = {
			isa = PBXShellScriptBuildPhase;
			buildActionMask = 2147483647;
			files = (
			);
			inputPaths = (
			);
			name = "[CP] Embed Pods Frameworks";
			outputPaths = (
			);
			runOnlyForDeploymentPostprocessing = 0;
			shellPath = /bin/sh;
			shellScript = "\"${SRCROOT}/Pods/Target Support Files/Pods-ZZRouter_Example/Pods-ZZRouter_Example-frameworks.sh\"\n";
			showEnvVarsInLog = 0;
		};
		52138E9C6C126F554DB70B80 /* [CP] Copy Pods Resources */ = {
			isa = PBXShellScriptBuildPhase;
			buildActionMask = 2147483647;
			files = (
			);
			inputPaths = (
			);
			name = "[CP] Copy Pods Resources";
			outputPaths = (
			);
			runOnlyForDeploymentPostprocessing = 0;
			shellPath = /bin/sh;
			shellScript = "\"${SRCROOT}/Pods/Target Support Files/Pods-ZZRouter_Tests/Pods-ZZRouter_Tests-resources.sh\"\n";
			showEnvVarsInLog = 0;
		};
		587CBEE321718C2275BC58A5 /* [CP] Embed Pods Frameworks */ = {
			isa = PBXShellScriptBuildPhase;
			buildActionMask = 2147483647;
			files = (
			);
			inputPaths = (
			);
			name = "[CP] Embed Pods Frameworks";
			outputPaths = (
			);
			runOnlyForDeploymentPostprocessing = 0;
			shellPath = /bin/sh;
			shellScript = "\"${SRCROOT}/Pods/Target Support Files/Pods-ZZRouter_Tests/Pods-ZZRouter_Tests-frameworks.sh\"\n";
			showEnvVarsInLog = 0;
		};
		6D3EA5D4725D193D60CF7BA1 /* [CP] Check Pods Manifest.lock */ = {
			isa = PBXShellScriptBuildPhase;
			buildActionMask = 2147483647;
			files = (
			);
			inputPaths = (
			);
			name = "[CP] Check Pods Manifest.lock";
			outputPaths = (
			);
			runOnlyForDeploymentPostprocessing = 0;
			shellPath = /bin/sh;
			shellScript = "diff \"${PODS_ROOT}/../Podfile.lock\" \"${PODS_ROOT}/Manifest.lock\" > /dev/null\nif [ $? != 0 ] ; then\n    # print error to STDERR\n    echo \"error: The sandbox is not in sync with the Podfile.lock. Run 'pod install' or update your CocoaPods installation.\" >&2\n    exit 1\nfi\n";
			showEnvVarsInLog = 0;
		};
		75AABD574D636FDD6DA8824A /* [CP] Copy Pods Resources */ = {
			isa = PBXShellScriptBuildPhase;
			buildActionMask = 2147483647;
			files = (
			);
			inputPaths = (
			);
			name = "[CP] Copy Pods Resources";
			outputPaths = (
			);
			runOnlyForDeploymentPostprocessing = 0;
			shellPath = /bin/sh;
			shellScript = "\"${SRCROOT}/Pods/Target Support Files/Pods-ZZRouter_Example/Pods-ZZRouter_Example-resources.sh\"\n";
			showEnvVarsInLog = 0;
		};
		76D640D5FA8EBF729536D164 /* [CP] Check Pods Manifest.lock */ = {
			isa = PBXShellScriptBuildPhase;
			buildActionMask = 2147483647;
			files = (
			);
			inputPaths = (
			);
			name = "[CP] Check Pods Manifest.lock";
			outputPaths = (
			);
			runOnlyForDeploymentPostprocessing = 0;
			shellPath = /bin/sh;
			shellScript = "diff \"${PODS_ROOT}/../Podfile.lock\" \"${PODS_ROOT}/Manifest.lock\" > /dev/null\nif [ $? != 0 ] ; then\n    # print error to STDERR\n    echo \"error: The sandbox is not in sync with the Podfile.lock. Run 'pod install' or update your CocoaPods installation.\" >&2\n    exit 1\nfi\n";
			showEnvVarsInLog = 0;
		};
/* End PBXShellScriptBuildPhase section */

/* Begin PBXSourcesBuildPhase section */
		6003F586195388D20070C39A /* Sources */ = {
			isa = PBXSourcesBuildPhase;
			buildActionMask = 2147483647;
			files = (
				FE4882F81F41867B009FB602 /* FNBaseViewController.m in Sources */,
				FE4883151F4186AF009FB602 /* ZZRouterJumpTypePresent.m in Sources */,
				FE4883171F4186AF009FB602 /* ZZRouterRedirectCheckLogin.m in Sources */,
				FE4883071F41867B009FB602 /* ZZRouterProductDetailViewController.m in Sources */,
				6003F59E195388D20070C39A /* ZZAppDelegate.m in Sources */,
				FE2748571F497CF20055396F /* FNTabBar.m in Sources */,
				FE4883091F41867B009FB602 /* ZZRouterTarget_MerchandiseDetailModule.m in Sources */,
				FE4883021F41867B009FB602 /* ZZRouterTarget_LoginModule.m in Sources */,
				FE4883161F4186AF009FB602 /* ZZRouterJumpTypePush.m in Sources */,
				FE2748561F497CF10055396F /* FNBaseTabBarController.m in Sources */,
				FE4882FC1F41867B009FB602 /* ZZRouterTabBarController.m in Sources */,
				FE4882FB1F41867B009FB602 /* ZZRouterUser.m in Sources */,
				FE27484D1F497CD80055396F /* UIFont+FNFont.m in Sources */,
				6003F5A7195388D20070C39A /* ZZViewController.m in Sources */,
				FE4882FA1F41867B009FB602 /* UIViewController+FNNavigationBarHidden.m in Sources */,
				FE4883031F41867B009FB602 /* FNMediator+FNUserCenterModule.m in Sources */,
				FE27484C1F497CD80055396F /* NSBundle+FNFont.m in Sources */,
				FE27483C1F497CD00055396F /* UILabel+FNColor.m in Sources */,
				FE4882FD1F41867B009FB602 /* ZZRouterTarget_TabBarService.m in Sources */,
				FE4883141F4186AF009FB602 /* ZZRouterJumpTypeHideTabBarWhenPush.m in Sources */,
				FE27483D1F497CD00055396F /* UIView+FNColor.m in Sources */,
				FE27483B1F497CD00055396F /* UIColor+FNColor.m in Sources */,
				FE4883061F41867B009FB602 /* ZZRouterTarget_OrderModule.m in Sources */,
				FE4882F91F41867B009FB602 /* UINavigationController+APSafeTransition.m in Sources */,
				FE27483A1F497CD00055396F /* NSBundle+FNColor.m in Sources */,
				FE4883001F41867B009FB602 /* ZZRouterLoginParentViewController.m in Sources */,
				6003F59A195388D20070C39A /* main.m in Sources */,
				FE4882F71F41867B009FB602 /* FNBaseNavigationController.m in Sources */,
				FE4883041F41867B009FB602 /* ZZRouterMyOrdersViewController.m in Sources */,
				FE4882FE1F41867B009FB602 /* ZZRouterMrFreshViewController.m in Sources */,
			);
			runOnlyForDeploymentPostprocessing = 0;
		};
		6003F5AA195388D20070C39A /* Sources */ = {
			isa = PBXSourcesBuildPhase;
			buildActionMask = 2147483647;
			files = (
				6003F5BC195388D20070C39A /* Tests.m in Sources */,
			);
			runOnlyForDeploymentPostprocessing = 0;
		};
/* End PBXSourcesBuildPhase section */

/* Begin PBXTargetDependency section */
		6003F5B4195388D20070C39A /* PBXTargetDependency */ = {
			isa = PBXTargetDependency;
			target = 6003F589195388D20070C39A /* ZZRouter_Example */;
			targetProxy = 6003F5B3195388D20070C39A /* PBXContainerItemProxy */;
		};
/* End PBXTargetDependency section */

/* Begin PBXVariantGroup section */
		6003F596195388D20070C39A /* InfoPlist.strings */ = {
			isa = PBXVariantGroup;
			children = (
				6003F597195388D20070C39A /* en */,
			);
			name = InfoPlist.strings;
			sourceTree = "<group>";
		};
		6003F5B8195388D20070C39A /* InfoPlist.strings */ = {
			isa = PBXVariantGroup;
			children = (
				6003F5B9195388D20070C39A /* en */,
			);
			name = InfoPlist.strings;
			sourceTree = "<group>";
		};
		71719F9D1E33DC2100824A3D /* LaunchScreen.storyboard */ = {
			isa = PBXVariantGroup;
			children = (
				71719F9E1E33DC2100824A3D /* Base */,
			);
			name = LaunchScreen.storyboard;
			sourceTree = "<group>";
		};
/* End PBXVariantGroup section */

/* Begin XCBuildConfiguration section */
		6003F5BD195388D20070C39A /* Debug */ = {
			isa = XCBuildConfiguration;
			buildSettings = {
				ALWAYS_SEARCH_USER_PATHS = NO;
				CLANG_CXX_LANGUAGE_STANDARD = "gnu++0x";
				CLANG_CXX_LIBRARY = "libc++";
				CLANG_ENABLE_MODULES = YES;
				CLANG_ENABLE_OBJC_ARC = YES;
				CLANG_WARN_BOOL_CONVERSION = YES;
				CLANG_WARN_CONSTANT_CONVERSION = YES;
				CLANG_WARN_DIRECT_OBJC_ISA_USAGE = YES_ERROR;
				CLANG_WARN_EMPTY_BODY = YES;
				CLANG_WARN_ENUM_CONVERSION = YES;
				CLANG_WARN_INFINITE_RECURSION = YES;
				CLANG_WARN_INT_CONVERSION = YES;
				CLANG_WARN_OBJC_ROOT_CLASS = YES_ERROR;
				CLANG_WARN_SUSPICIOUS_MOVE = YES;
				CLANG_WARN_UNREACHABLE_CODE = YES;
				CLANG_WARN__DUPLICATE_METHOD_MATCH = YES;
				"CODE_SIGN_IDENTITY[sdk=iphoneos*]" = "iPhone Developer";
				COPY_PHASE_STRIP = NO;
				ENABLE_STRICT_OBJC_MSGSEND = YES;
				ENABLE_TESTABILITY = YES;
				GCC_C_LANGUAGE_STANDARD = gnu99;
				GCC_DYNAMIC_NO_PIC = NO;
				GCC_NO_COMMON_BLOCKS = YES;
				GCC_OPTIMIZATION_LEVEL = 0;
				GCC_PREPROCESSOR_DEFINITIONS = (
					"DEBUG=1",
					"$(inherited)",
				);
				GCC_SYMBOLS_PRIVATE_EXTERN = NO;
				GCC_WARN_64_TO_32_BIT_CONVERSION = YES;
				GCC_WARN_ABOUT_RETURN_TYPE = YES_ERROR;
				GCC_WARN_UNDECLARED_SELECTOR = YES;
				GCC_WARN_UNINITIALIZED_AUTOS = YES_AGGRESSIVE;
				GCC_WARN_UNUSED_FUNCTION = YES;
				GCC_WARN_UNUSED_VARIABLE = YES;
				IPHONEOS_DEPLOYMENT_TARGET = 8.3;
				ONLY_ACTIVE_ARCH = YES;
				SDKROOT = iphoneos;
				TARGETED_DEVICE_FAMILY = "1,2";
			};
			name = Debug;
		};
		6003F5BE195388D20070C39A /* Release */ = {
			isa = XCBuildConfiguration;
			buildSettings = {
				ALWAYS_SEARCH_USER_PATHS = NO;
				CLANG_CXX_LANGUAGE_STANDARD = "gnu++0x";
				CLANG_CXX_LIBRARY = "libc++";
				CLANG_ENABLE_MODULES = YES;
				CLANG_ENABLE_OBJC_ARC = YES;
				CLANG_WARN_BOOL_CONVERSION = YES;
				CLANG_WARN_CONSTANT_CONVERSION = YES;
				CLANG_WARN_DIRECT_OBJC_ISA_USAGE = YES_ERROR;
				CLANG_WARN_EMPTY_BODY = YES;
				CLANG_WARN_ENUM_CONVERSION = YES;
				CLANG_WARN_INFINITE_RECURSION = YES;
				CLANG_WARN_INT_CONVERSION = YES;
				CLANG_WARN_OBJC_ROOT_CLASS = YES_ERROR;
				CLANG_WARN_SUSPICIOUS_MOVE = YES;
				CLANG_WARN_UNREACHABLE_CODE = YES;
				CLANG_WARN__DUPLICATE_METHOD_MATCH = YES;
				"CODE_SIGN_IDENTITY[sdk=iphoneos*]" = "iPhone Developer";
				COPY_PHASE_STRIP = YES;
				ENABLE_NS_ASSERTIONS = NO;
				ENABLE_STRICT_OBJC_MSGSEND = YES;
				GCC_C_LANGUAGE_STANDARD = gnu99;
				GCC_NO_COMMON_BLOCKS = YES;
				GCC_WARN_64_TO_32_BIT_CONVERSION = YES;
				GCC_WARN_ABOUT_RETURN_TYPE = YES_ERROR;
				GCC_WARN_UNDECLARED_SELECTOR = YES;
				GCC_WARN_UNINITIALIZED_AUTOS = YES_AGGRESSIVE;
				GCC_WARN_UNUSED_FUNCTION = YES;
				GCC_WARN_UNUSED_VARIABLE = YES;
				IPHONEOS_DEPLOYMENT_TARGET = 8.3;
				SDKROOT = iphoneos;
				TARGETED_DEVICE_FAMILY = "1,2";
				VALIDATE_PRODUCT = YES;
			};
			name = Release;
		};
		6003F5C0195388D20070C39A /* Debug */ = {
			isa = XCBuildConfiguration;
			baseConfigurationReference = 31B5C398CA7607FA94670574 /* Pods-ZZRouter_Example.debug.xcconfig */;
			buildSettings = {
				ASSETCATALOG_COMPILER_APPICON_NAME = AppIcon;
				GCC_PRECOMPILE_PREFIX_HEADER = YES;
				GCC_PREFIX_HEADER = "ZZRouter/ZZRouter-Prefix.pch";
				INFOPLIST_FILE = "ZZRouter/ZZRouter-Info.plist";
				MODULE_NAME = ExampleApp;
				OTHER_LDFLAGS = (
					"$(inherited)",
					"-framework",
					"\"BFKit\"",
					"-framework",
					"\"SDWebImage\"",
					"-framework",
					"\"ZZRouter\"",
				);
				PRODUCT_BUNDLE_IDENTIFIER = "org.cocoapods.demo.${PRODUCT_NAME:rfc1034identifier}";
				PRODUCT_NAME = "$(TARGET_NAME)";
				WRAPPER_EXTENSION = app;
			};
			name = Debug;
		};
		6003F5C1195388D20070C39A /* Release */ = {
			isa = XCBuildConfiguration;
			baseConfigurationReference = F33EBDC5EF7B1A300D87989D /* Pods-ZZRouter_Example.release.xcconfig */;
			buildSettings = {
				ASSETCATALOG_COMPILER_APPICON_NAME = AppIcon;
				GCC_PRECOMPILE_PREFIX_HEADER = YES;
				GCC_PREFIX_HEADER = "ZZRouter/ZZRouter-Prefix.pch";
				INFOPLIST_FILE = "ZZRouter/ZZRouter-Info.plist";
				MODULE_NAME = ExampleApp;
				PRODUCT_BUNDLE_IDENTIFIER = "org.cocoapods.demo.${PRODUCT_NAME:rfc1034identifier}";
				PRODUCT_NAME = "$(TARGET_NAME)";
				WRAPPER_EXTENSION = app;
			};
			name = Release;
		};
		6003F5C3195388D20070C39A /* Debug */ = {
			isa = XCBuildConfiguration;
			baseConfigurationReference = B869397CCF6B7BB32558BF3C /* Pods-ZZRouter_Tests.debug.xcconfig */;
			buildSettings = {
				BUNDLE_LOADER = "$(TEST_HOST)";
				FRAMEWORK_SEARCH_PATHS = (
					"$(SDKROOT)/Developer/Library/Frameworks",
					"$(inherited)",
					"$(DEVELOPER_FRAMEWORKS_DIR)",
				);
				GCC_PRECOMPILE_PREFIX_HEADER = YES;
				GCC_PREFIX_HEADER = "Tests/Tests-Prefix.pch";
				GCC_PREPROCESSOR_DEFINITIONS = (
					"DEBUG=1",
					"$(inherited)",
				);
				INFOPLIST_FILE = "Tests/Tests-Info.plist";
				PRODUCT_BUNDLE_IDENTIFIER = "org.cocoapods.demo.${PRODUCT_NAME:rfc1034identifier}";
				PRODUCT_NAME = "$(TARGET_NAME)";
				TEST_HOST = "$(BUILT_PRODUCTS_DIR)/ZZRouter_Example.app/ZZRouter_Example";
				WRAPPER_EXTENSION = xctest;
			};
			name = Debug;
		};
		6003F5C4195388D20070C39A /* Release */ = {
			isa = XCBuildConfiguration;
			baseConfigurationReference = 07F22D8CD96C1988F615197B /* Pods-ZZRouter_Tests.release.xcconfig */;
			buildSettings = {
				BUNDLE_LOADER = "$(TEST_HOST)";
				FRAMEWORK_SEARCH_PATHS = (
					"$(SDKROOT)/Developer/Library/Frameworks",
					"$(inherited)",
					"$(DEVELOPER_FRAMEWORKS_DIR)",
				);
				GCC_PRECOMPILE_PREFIX_HEADER = YES;
				GCC_PREFIX_HEADER = "Tests/Tests-Prefix.pch";
				INFOPLIST_FILE = "Tests/Tests-Info.plist";
				PRODUCT_BUNDLE_IDENTIFIER = "org.cocoapods.demo.${PRODUCT_NAME:rfc1034identifier}";
				PRODUCT_NAME = "$(TARGET_NAME)";
				TEST_HOST = "$(BUILT_PRODUCTS_DIR)/ZZRouter_Example.app/ZZRouter_Example";
				WRAPPER_EXTENSION = xctest;
			};
			name = Release;
		};
/* End XCBuildConfiguration section */

/* Begin XCConfigurationList section */
		6003F585195388D10070C39A /* Build configuration list for PBXProject "ZZRouter" */ = {
			isa = XCConfigurationList;
			buildConfigurations = (
				6003F5BD195388D20070C39A /* Debug */,
				6003F5BE195388D20070C39A /* Release */,
			);
			defaultConfigurationIsVisible = 0;
			defaultConfigurationName = Release;
		};
		6003F5BF195388D20070C39A /* Build configuration list for PBXNativeTarget "ZZRouter_Example" */ = {
			isa = XCConfigurationList;
			buildConfigurations = (
				6003F5C0195388D20070C39A /* Debug */,
				6003F5C1195388D20070C39A /* Release */,
			);
			defaultConfigurationIsVisible = 0;
			defaultConfigurationName = Release;
		};
		6003F5C2195388D20070C39A /* Build configuration list for PBXNativeTarget "ZZRouter_Tests" */ = {
			isa = XCConfigurationList;
			buildConfigurations = (
				6003F5C3195388D20070C39A /* Debug */,
				6003F5C4195388D20070C39A /* Release */,
			);
			defaultConfigurationIsVisible = 0;
			defaultConfigurationName = Release;
		};
/* End XCConfigurationList section */
	};
	rootObject = 6003F582195388D10070C39A /* Project object */;
}
